Microsoft Visual Studio Solution File, Format Version 12.00
# Visual Studio Version 17
VisualStudioVersion = 17.5.2.0
MinimumVisualStudioVersion = 10.0.40219.1
Project("{FAE04EC0-301F-11D3-BF4B-00C04F79EFBC}") = "StrawHatPiratesApp", "StrawHatPiratesApp\StrawHatPiratesApp.csproj", "{9184BB9A-AF55-2E36-710C-7FAFD54D9601}"
EndProject
Global
	GlobalSection(SolutionConfigurationPlatforms) = preSolution
		Debug|Any CPU = Debug|Any CPU
		Release|Any CPU = Release|Any CPU
	EndGlobalSection
	GlobalSection(ProjectConfigurationPlatforms) = postSolution
		{9184BB9A-AF55-2E36-710C-7FAFD54D9601}.Debug|Any CPU.ActiveCfg = Debug|Any CPU
		{9184BB9A-AF55-2E36-710C-7FAFD54D9601}.Debug|Any CPU.Build.0 = Debug|Any CPU
		{9184BB9A-AF55-2E36-710C-7FAFD54D9601}.Release|Any CPU.ActiveCfg = Release|Any CPU
		{9184BB9A-AF55-2E36-710C-7FAFD54D9601}.Release|Any CPU.Build.0 = Release|Any CPU
	EndGlobalSection
	GlobalSection(SolutionProperties) = preSolution
		HideSolutionNode = FALSE
	EndGlobalSection
	GlobalSection(ExtensibilityGlobals) = postSolution
		SolutionGuid = {CDA33654-AD40-4F15-8A33-2BCDF0E074AC}
	EndGlobalSection
EndGlobal
